# THIS IS AN AUTOGENERATED FILE. DO NOT EDIT THIS FILE DIRECTLY.
# yarn lockfile v1


"@algolia/cache-browser-local-storage@4.14.1":
  version "4.14.1"
  resolved "https://registry.yarnpkg.com/@algolia/cache-browser-local-storage/-/cache-browser-local-storage-4.14.1.tgz#a0b85a6c3fe3d5c49fca01b16f00b41bf38a918c"
  integrity sha512-BBdibsPn3hLBajc/NRAtHEeoXsw+ziSGR/3bqRNB5puUuwKPQZSE2MaMVWSADnlc3KV3bEj4xsfKOVLJyfJSPQ==
  dependencies:
    "@algolia/cache-common" "4.14.1"

"@algolia/cache-common@4.14.1":
  version "4.14.1"
  resolved "https://registry.yarnpkg.com/@algolia/cache-common/-/cache-common-4.14.1.tgz#11d44a6442f83deb3629a04c20df8408088f6449"
  integrity sha512-XhAzm0Sm3D3DuOWUyDoVSXZ/RjYMvI1rbki+QH4ODAVaHDWVhMhg3IJPv3gIbBQnEQdtPdBhsf2hyPxAu28E5w==

"@algolia/cache-in-memory@4.14.1":
  version "4.14.1"
  resolved "https://registry.yarnpkg.com/@algolia/cache-in-memory/-/cache-in-memory-4.14.1.tgz#68ede8520f054bc65938209b59962056ae5b56c7"
  integrity sha512-fVUu7N1hYb/zZYfV9Krlij70NwS+8bQm5vmDJyfp0+9FjSjz2V7wj1CUxvaY8ZcgoBPj9ehQ8sRuqSM2m5OPww==
  dependencies:
    "@algolia/cache-common" "4.14.1"

"@algolia/client-account@4.14.1":
  version "4.14.1"
  resolved "https://registry.yarnpkg.com/@algolia/client-account/-/client-account-4.14.1.tgz#b92e091f698630c49ec7df48816ae75af3cbac40"
  integrity sha512-Zm4+PN3bsBPhv1dKKwzBaRGzf0G1JcjjSTpE231L7Z7LsEDcFDW4E6L5ctwMz3SliSBeL/j1ghmaunJrZlkRIg==
  dependencies:
    "@algolia/client-common" "4.14.1"
    "@algolia/client-search" "4.14.1"
    "@algolia/transporter" "4.14.1"

"@algolia/client-analytics@4.14.1":
  version "4.14.1"
  resolved "https://registry.yarnpkg.com/@algolia/client-analytics/-/client-analytics-4.14.1.tgz#aca3436775f608a6141cc81899e1d75ef030efa2"
  integrity sha512-EhZLR0ezBZx7ZGkwzj7OTvnI8j2Alyv1ByC0Mx48qh3KqRhVwMFm/Uf34zAv4Dum2PTFin41Y4smAvAypth9nQ==
  dependencies:
    "@algolia/client-common" "4.14.1"
    "@algolia/client-search" "4.14.1"
    "@algolia/requester-common" "4.14.1"
    "@algolia/transporter" "4.14.1"

"@algolia/client-common@4.14.1":
  version "4.14.1"
  resolved "https://registry.yarnpkg.com/@algolia/client-common/-/client-common-4.14.1.tgz#2709bddf934a3545cd9feecc0591e9285fbed7c2"
  integrity sha512-WDwziD7Rt1yCRDfONmeLOfh1Lt8uOy6Vn7dma171KOH9NN3q8yDQpOhPqdFOCz1j3GC1FfIZxaC0YEOIobZ2lg==
  dependencies:
    "@algolia/requester-common" "4.14.1"
    "@algolia/transporter" "4.14.1"

"@algolia/client-personalization@4.14.1":
  version "4.14.1"
  resolved "https://registry.yarnpkg.com/@algolia/client-personalization/-/client-personalization-4.14.1.tgz#58f0b85b8f6d531e13877a099f54513ac2bec154"
  integrity sha512-D4eeW7bTi769PWcEYZO+QiKuUXFOC5zK5Iy83Ey6FHqS7m5TXws5MP1rmETE018lTXeYq2NSHWp/F07fRRg0RA==
  dependencies:
    "@algolia/client-common" "4.14.1"
    "@algolia/requester-common" "4.14.1"
    "@algolia/transporter" "4.14.1"

"@algolia/client-search@4.14.1":
  version "4.14.1"
  resolved "https://registry.yarnpkg.com/@algolia/client-search/-/client-search-4.14.1.tgz#44bfc65b3e6939b725f8f97aad725593f2a4ad7f"
  integrity sha512-K6XrdIIQq8a3o+kCedj5slUVzA1aKttae4mLzwnY0bS7tYduv1IQggi9Sz8gOG6/MMyKMB4IwYqr47t/0z4Vxw==
  dependencies:
    "@algolia/client-common" "4.14.1"
    "@algolia/requester-common" "4.14.1"
    "@algolia/transporter" "4.14.1"

"@algolia/logger-common@4.14.1":
  version "4.14.1"
  resolved "https://registry.yarnpkg.com/@algolia/logger-common/-/logger-common-4.14.1.tgz#acbd36b66e3b408f99cacfb581ad3bd28defcc28"
  integrity sha512-58CK87wTjUWI1QNXc3nFDQ7EXBi28NoLufXE9sMjng2fAL1wPdyO+KFD8KTBoXOZnJWflPj5F7p6jLyGAfgvcQ==

"@algolia/logger-console@4.14.1":
  version "4.14.1"
  resolved "https://registry.yarnpkg.com/@algolia/logger-console/-/logger-console-4.14.1.tgz#7e7d7486d71ccfe38e63234626931083592149d2"
  integrity sha512-not+VwH1Dx2B/BaN+4+4+YnGRBJ9lduNz2qbMCTxZ4yFHb+84j4ewHRPBTtEmibn7caVCPybdTKfHLQhimSBLQ==
  dependencies:
    "@algolia/logger-common" "4.14.1"

"@algolia/requester-browser-xhr@4.14.1":
  version "4.14.1"
  resolved "https://registry.yarnpkg.com/@algolia/requester-browser-xhr/-/requester-browser-xhr-4.14.1.tgz#9e683dc0916afae221bf946255a998b06830be78"
  integrity sha512-mpH6QsFBbXjTy9+iU86Rcdt9LxS7GA/tWhGMr0+Ap8+4Za5+ELToz0PC7euVeVOcclgGGi7gbjOAmf6k8b10iA==
  dependencies:
    "@algolia/requester-common" "4.14.1"

"@algolia/requester-common@4.14.1":
  version "4.14.1"
  resolved "https://registry.yarnpkg.com/@algolia/requester-common/-/requester-common-4.14.1.tgz#b07ffa00ae0cf61442dcda71a3209051fed130d8"
  integrity sha512-EbXBKrfYcX5/JJfaw7IZxhWlbUtjd5Chs+Alrfc4tutgRQn4dmImWS07n3iffwJcYdOWY1eRrnfBK5BwopuN5A==

"@algolia/requester-node-http@4.14.1":
  version "4.14.1"
  resolved "https://registry.yarnpkg.com/@algolia/requester-node-http/-/requester-node-http-4.14.1.tgz#5e5f4ff55deb5aa0e92f3105d77299de744b1471"
  integrity sha512-/sbRqL9P8aVuYUG50BgpCbdJyyCS7fia+sQIx9d1DiGPO7hunwLaEyR4H7JDHc/PLKdVEPygJx3rnbJWix4Btg==
  dependencies:
    "@algolia/requester-common" "4.14.1"

"@algolia/transporter@4.14.1":
  version "4.14.1"
  resolved "https://registry.yarnpkg.com/@algolia/transporter/-/transporter-4.14.1.tgz#7eca8568ff710d9d1a7bbd3c1dafbbf44a6143f5"
  integrity sha512-xbmoIqszFDOCCZqizBQ2TNHcGtjZX7EkJCzABsrokA0WqtfZzClFmtc+tZYgtEiyAfIF70alTegG19poQGdkvg==
  dependencies:
    "@algolia/cache-common" "4.14.1"
    "@algolia/logger-common" "4.14.1"
    "@algolia/requester-common" "4.14.1"

algoliasearch@^4.14.1:
  version "4.14.1"
  resolved "https://registry.yarnpkg.com/algoliasearch/-/algoliasearch-4.14.1.tgz#7f24cabd264f8294b461d108e1603e673571e806"
  integrity sha512-ZWqnbsGUgU03/IyG995pMCc+EmNVDA/4c9ntr8B0dWQwFqazOQ4ErvKZxarbgSNmyPo/eZcVsTb0bNplJMttGQ==
  dependencies:
    "@algolia/cache-browser-local-storage" "4.14.1"
    "@algolia/cache-common" "4.14.1"
    "@algolia/cache-in-memory" "4.14.1"
    "@algolia/client-account" "4.14.1"
    "@algolia/client-analytics" "4.14.1"
    "@algolia/client-common" "4.14.1"
    "@algolia/client-personalization" "4.14.1"
    "@algolia/client-search" "4.14.1"
    "@algolia/logger-common" "4.14.1"
    "@algolia/logger-console" "4.14.1"
    "@algolia/requester-browser-xhr" "4.14.1"
    "@algolia/requester-common" "4.14.1"
    "@algolia/requester-node-http" "4.14.1"
    "@algolia/transporter" "4.14.1"
